
Microsoft Visual Studio Solution File, Format Version 12.00
# Visual Studio 2012
Project("{FAE04EC0-301F-11D3-BF4B-00C04F79EFBC}") = "RepositoryMvcApplication", "RepositoryMvcApplication\RepositoryMvcApplication.csproj", "{31A497F0-6D3B-4C7E-9C20-566364E2EC77}"
EndProject
Project("{FAE04EC0-301F-11D3-BF4B-00C04F79EFBC}") = "UnitTestProject", "UnitTestProject\UnitTestProject.csproj", "{50581BCF-0078-4CE8-8749-532E3C65A39A}"
EndProject
Global
	GlobalSection(SolutionConfigurationPlatforms) = preSolution
		Debug|Any CPU = Debug|Any CPU
		Release|Any CPU = Release|Any CPU
	EndGlobalSection
	GlobalSection(ProjectConfigurationPlatforms) = postSolution
		{31A497F0-6D3B-4C7E-9C20-566364E2EC77}.Debug|Any CPU.ActiveCfg = Debug|Any CPU
		{31A497F0-6D3B-4C7E-9C20-566364E2EC77}.Debug|Any CPU.Build.0 = Debug|Any CPU
		{31A497F0-6D3B-4C7E-9C20-566364E2EC77}.Release|Any CPU.ActiveCfg = Release|Any CPU
		{31A497F0-6D3B-4C7E-9C20-566364E2EC77}.Release|Any CPU.Build.0 = Release|Any CPU
		{50581BCF-0078-4CE8-8749-532E3C65A39A}.Debug|Any CPU.ActiveCfg = Debug|Any CPU
		{50581BCF-0078-4CE8-8749-532E3C65A39A}.Debug|Any CPU.Build.0 = Debug|Any CPU
		{50581BCF-0078-4CE8-8749-532E3C65A39A}.Release|Any CPU.ActiveCfg = Release|Any CPU
		{50581BCF-0078-4CE8-8749-532E3C65A39A}.Release|Any CPU.Build.0 = Release|Any CPU
	EndGlobalSection
	GlobalSection(SolutionProperties) = preSolution
		HideSolutionNode = FALSE
	EndGlobalSection
EndGlobal
